
Microsoft Visual Studio Solution File, Format Version 12.00
# Visual Studio 14
VisualStudioVersion = 14.0.25123.0
MinimumVisualStudioVersion = 10.0.40219.1
Project("{8BC9CEB8-8B4A-11D0-8D11-00A0C91BC942}") = "GetUdpData", "GetUdpData\GetUdpData.vcxproj", "{A5A7401E-0A7D-42EA-BEC7-6BD61010CECF}"
EndProject
Global
	GlobalSection(SolutionConfigurationPlatforms) = preSolution
		Debug|ARM = Debug|ARM
		Debug|Win32 = Debug|Win32
		Release|ARM = Release|ARM
		Release|Win32 = Release|Win32
	EndGlobalSection
	GlobalSection(ProjectConfigurationPlatforms) = postSolution
		{A5A7401E-0A7D-42EA-BEC7-6BD61010CECF}.Debug|ARM.ActiveCfg = Debug|ARM
		{A5A7401E-0A7D-42EA-BEC7-6BD61010CECF}.Debug|ARM.Build.0 = Debug|ARM
		{A5A7401E-0A7D-42EA-BEC7-6BD61010CECF}.Debug|Win32.ActiveCfg = Debug|Win32
		{A5A7401E-0A7D-42EA-BEC7-6BD61010CECF}.Debug|Win32.Build.0 = Debug|Win32
		{A5A7401E-0A7D-42EA-BEC7-6BD61010CECF}.Release|ARM.ActiveCfg = Release|ARM
		{A5A7401E-0A7D-42EA-BEC7-6BD61010CECF}.Release|ARM.Build.0 = Release|ARM
		{A5A7401E-0A7D-42EA-BEC7-6BD61010CECF}.Release|Win32.ActiveCfg = Release|Win32
		{A5A7401E-0A7D-42EA-BEC7-6BD61010CECF}.Release|Win32.Build.0 = Release|Win32
	EndGlobalSection
	GlobalSection(SolutionProperties) = preSolution
		HideSolutionNode = FALSE
	EndGlobalSection
EndGlobal
